# This file is automatically @generated by Cargo.
# It is not intended for manual editing.
version = 3

[[package]]
name = "smve"
version = "0.2.0-dev"
dependencies = [
 "smve_internal",
]

[[package]]
name = "smve_internal"
version = "0.1.0"
dependencies = [
 "smve_render",
]

[[package]]
name = "smve_render"
version = "0.1.0"
